{
  "version": 4,
  "terraform_version": "1.0.9",
  "serial": 8,
  "lineage": "ae397b53-2069-7768-91cf-871c2e16a501",
  "outputs": {},
  "resources": [
    {
      "mode": "data",
      "type": "azuread_service_principal",
      "name": "aks_principal",
      "provider": "provider[\"registry.terraform.io/hashicorp/azuread\"]",
      "instances": [
        {
          "schema_version": 0,
          "attributes": {
            "account_enabled": true,
            "alternative_names": [],
            "app_role_assignment_required": false,
            "app_role_ids": {},
            "app_roles": [],
            "application_id": "f0fe5f27-5179-4204-853f-8d6bcab1c670",
            "application_tenant_id": "e61fc9ea-4c29-4b15-96e0-32cc6bc15686",
            "description": "",
            "display_name": "azure-cli-2021-11-08-00-46-00",
            "feature_tags": [
              {
                "custom_single_sign_on": false,
                "enterprise": false,
                "gallery": false,
                "hide": false
              }
            ],
            "features": [
              {
                "custom_single_sign_on_app": false,
                "enterprise_application": false,
                "gallery_application": false,
                "visible_to_users": true
              }
            ],
            "homepage_url": "",
            "id": "6b8814e6-48ff-4154-8906-80c9e888e87c",
            "login_url": "",
            "logout_url": "",
            "notes": "",
            "notification_email_addresses": [],
            "oauth2_permission_scope_ids": {
              "user_impersonation": "fae0959a-e286-459e-95e8-42474cdef296"
            },
            "oauth2_permission_scopes": [
              {
                "admin_consent_description": "Allow the application to access azure-cli-2021-11-08-00-46-00 on behalf of the signed-in user.",
                "admin_consent_display_name": "Access azure-cli-2021-11-08-00-46-00",
                "enabled": true,
                "id": "fae0959a-e286-459e-95e8-42474cdef296",
                "type": "User",
                "user_consent_description": "Allow the application to access azure-cli-2021-11-08-00-46-00 on your behalf.",
                "user_consent_display_name": "Access azure-cli-2021-11-08-00-46-00",
                "value": "user_impersonation"
              }
            ],
            "object_id": "6b8814e6-48ff-4154-8906-80c9e888e87c",
            "preferred_single_sign_on_mode": "",
            "redirect_uris": [],
            "saml_metadata_url": "",
            "saml_single_sign_on": [],
            "service_principal_names": [],
            "sign_in_audience": "AzureADMyOrg",
            "tags": [],
            "timeouts": null,
            "type": "Application"
          },
          "sensitive_attributes": []
        }
      ]
    },
    {
      "mode": "managed",
      "type": "azurerm_container_registry",
      "name": "acr-aula-infra",
      "provider": "provider[\"registry.terraform.io/hashicorp/azurerm\"]",
      "instances": [
        {
          "schema_version": 2,
          "attributes": {
            "admin_enabled": false,
            "admin_password": "",
            "admin_username": "",
            "georeplication_locations": null,
            "id": "/subscriptions/9d7f60f7-0cf4-42b4-ac94-65f2a9693d80/resourceGroups/rg-aula-infra/providers/Microsoft.ContainerRegistry/registries/aulainfraacr",
            "location": "eastus",
            "login_server": "aulainfraacr.azurecr.io",
            "name": "aulainfraacr",
            "network_rule_set": [],
            "resource_group_name": "rg-aula-infra",
            "sku": "Basic",
            "storage_account_id": null,
            "tags": {},
            "timeouts": null
          },
          "sensitive_attributes": [],
          "private": "eyJlMmJmYjczMC1lY2FhLTExZTYtOGY4OC0zNDM2M2JjN2M0YzAiOnsiY3JlYXRlIjoxODAwMDAwMDAwMDAwLCJkZWxldGUiOjE4MDAwMDAwMDAwMDAsInJlYWQiOjMwMDAwMDAwMDAwMCwidXBkYXRlIjoxODAwMDAwMDAwMDAwfSwic2NoZW1hX3ZlcnNpb24iOiIyIn0=",
          "dependencies": [
            "azurerm_resource_group.rg-aula-infra"
          ]
        }
      ]
    },
    {
      "mode": "managed",
      "type": "azurerm_resource_group",
      "name": "rg-aula-infra",
      "provider": "provider[\"registry.terraform.io/hashicorp/azurerm\"]",
      "instances": [
        {
          "schema_version": 0,
          "attributes": {
            "id": "/subscriptions/9d7f60f7-0cf4-42b4-ac94-65f2a9693d80/resourceGroups/rg-aula-infra",
            "location": "eastus",
            "name": "rg-aula-infra",
            "tags": {},
            "timeouts": null
          },
          "sensitive_attributes": [],
          "private": "eyJlMmJmYjczMC1lY2FhLTExZTYtOGY4OC0zNDM2M2JjN2M0YzAiOnsiY3JlYXRlIjo1NDAwMDAwMDAwMDAwLCJkZWxldGUiOjU0MDAwMDAwMDAwMDAsInJlYWQiOjMwMDAwMDAwMDAwMCwidXBkYXRlIjo1NDAwMDAwMDAwMDAwfX0="
        }
      ]
    },
    {
      "mode": "managed",
      "type": "azurerm_role_assignment",
      "name": "acrpull-aula-infra",
      "provider": "provider[\"registry.terraform.io/hashicorp/azurerm\"]",
      "instances": [
        {
          "schema_version": 0,
          "attributes": {
            "id": "/subscriptions/9d7f60f7-0cf4-42b4-ac94-65f2a9693d80/resourceGroups/rg-aula-infra/providers/Microsoft.ContainerRegistry/registries/aulainfraacr/providers/Microsoft.Authorization/roleAssignments/40f2f81c-b688-972d-2538-37d350abbb16",
            "name": "40f2f81c-b688-972d-2538-37d350abbb16",
            "principal_id": "6b8814e6-48ff-4154-8906-80c9e888e87c",
            "principal_type": "ServicePrincipal",
            "role_definition_id": "/subscriptions/9d7f60f7-0cf4-42b4-ac94-65f2a9693d80/providers/Microsoft.Authorization/roleDefinitions/7f951dda-4ed3-4680-a7ca-43fe172d538d",
            "role_definition_name": "AcrPull",
            "scope": "/subscriptions/9d7f60f7-0cf4-42b4-ac94-65f2a9693d80/resourceGroups/rg-aula-infra/providers/Microsoft.ContainerRegistry/registries/aulainfraacr",
            "skip_service_principal_aad_check": true,
            "timeouts": null
          },
          "sensitive_attributes": [],
          "private": "eyJlMmJmYjczMC1lY2FhLTExZTYtOGY4OC0zNDM2M2JjN2M0YzAiOnsiY3JlYXRlIjoxODAwMDAwMDAwMDAwLCJkZWxldGUiOjE4MDAwMDAwMDAwMDAsInJlYWQiOjMwMDAwMDAwMDAwMCwidXBkYXRlIjoxODAwMDAwMDAwMDAwfX0=",
          "dependencies": [
            "azurerm_container_registry.acr-aula-infra",
            "azurerm_resource_group.rg-aula-infra",
            "data.azuread_service_principal.aks_principal"
          ]
        }
      ]
    }
  ]
}
